
Microsoft Visual Studio Solution File, Format Version 12.00
# Visual Studio Version 16
VisualStudioVersion = 16.0.30907.101
MinimumVisualStudioVersion = 10.0.40219.1
Project("{9A19103F-16F7-4668-BE54-9A1E7A4F7556}") = "RentMojoWebApp", "RentMojoWebApp\RentMojoWebApp.csproj", "{2492F46F-30D7-4C12-A99D-E0D75CD0814C}"
EndProject
Global
	GlobalSection(SolutionConfigurationPlatforms) = preSolution
		Debug|Any CPU = Debug|Any CPU
		Release|Any CPU = Release|Any CPU
	EndGlobalSection
	GlobalSection(ProjectConfigurationPlatforms) = postSolution
		{2492F46F-30D7-4C12-A99D-E0D75CD0814C}.Debug|Any CPU.ActiveCfg = Debug|Any CPU
		{2492F46F-30D7-4C12-A99D-E0D75CD0814C}.Debug|Any CPU.Build.0 = Debug|Any CPU
		{2492F46F-30D7-4C12-A99D-E0D75CD0814C}.Release|Any CPU.ActiveCfg = Release|Any CPU
		{2492F46F-30D7-4C12-A99D-E0D75CD0814C}.Release|Any CPU.Build.0 = Release|Any CPU
	EndGlobalSection
	GlobalSection(SolutionProperties) = preSolution
		HideSolutionNode = FALSE
	EndGlobalSection
	GlobalSection(ExtensibilityGlobals) = postSolution
		SolutionGuid = {95FEAC65-E95C-46E6-956D-7D154AADDA04}
	EndGlobalSection
EndGlobal
